{
  "name": "ilesztuk",
  "version": "0.1.0",
  "lockfileVersion": 3,
  "requires": true,
  "packages": {
    "": {
      "name": "ilesztuk",
      "version": "0.1.0",
      "devDependencies": {
        "@mdi/svg": "^7.4.47"
      },
      "engines": {
        "node": ">=22.5.0"
      }
    },
    "node_modules/@mdi/svg": {
      "version": "7.4.47",
      "resolved": "https://registry.npmjs.org/@mdi/svg/-/svg-7.4.47.tgz",
      "integrity": "sha512-WQ2gDll12T9WD34fdRFgQVgO8bag3gavrAgJ0frN4phlwdJARpE6gO1YvLEMJR0KKgoc+/Ea/A0Pp11I00xBvw==",
      "dev": true,
      "license": "Apache-2.0"
    }
  }
}
